
Microsoft Visual Studio Solution File, Format Version 12.00
# Visual Studio Version 17
VisualStudioVersion = 17.4.33122.133
MinimumVisualStudioVersion = 10.0.40219.1
Project("{FAE04EC0-301F-11D3-BF4B-00C04F79EFBC}") = "AdventOfCode.2022.DayTwo", "AdventOfCode.2022.DayTwo\AdventOfCode.2022.DayTwo.csproj", "{0B3DD21F-CB92-4C00-A79C-B41AFCA6CDA6}"
EndProject
Global
	GlobalSection(SolutionConfigurationPlatforms) = preSolution
		Debug|Any CPU = Debug|Any CPU
		Release|Any CPU = Release|Any CPU
	EndGlobalSection
	GlobalSection(ProjectConfigurationPlatforms) = postSolution
		{0B3DD21F-CB92-4C00-A79C-B41AFCA6CDA6}.Debug|Any CPU.ActiveCfg = Debug|Any CPU
		{0B3DD21F-CB92-4C00-A79C-B41AFCA6CDA6}.Debug|Any CPU.Build.0 = Debug|Any CPU
		{0B3DD21F-CB92-4C00-A79C-B41AFCA6CDA6}.Release|Any CPU.ActiveCfg = Release|Any CPU
		{0B3DD21F-CB92-4C00-A79C-B41AFCA6CDA6}.Release|Any CPU.Build.0 = Release|Any CPU
	EndGlobalSection
	GlobalSection(SolutionProperties) = preSolution
		HideSolutionNode = FALSE
	EndGlobalSection
	GlobalSection(ExtensibilityGlobals) = postSolution
		SolutionGuid = {92AF6234-EE3C-4F62-AACD-7471262758BD}
	EndGlobalSection
EndGlobal
