
Microsoft Visual Studio Solution File, Format Version 12.00
# Visual Studio Version 17
VisualStudioVersion = 17.4.33122.133
MinimumVisualStudioVersion = 10.0.40219.1
Project("{9A19103F-16F7-4668-BE54-9A1E7A4F7556}") = "AdventOfCode.2022.Day1", "AdventOfCode.2022.Day1\AdventOfCode.2022.Day1.csproj", "{479CE773-47FE-466B-9308-B3D56C091052}"
EndProject
Project("{9A19103F-16F7-4668-BE54-9A1E7A4F7556}") = "AdventOfCode.2022.Day2", "AdventOfCode.2022.Day2\AdventOfCode.2022.Day2.csproj", "{19F4E6C8-D573-4A58-81CB-C94C6A6DD991}"
EndProject
Project("{9A19103F-16F7-4668-BE54-9A1E7A4F7556}") = "AdventOfCode.2022.Day3", "AdventOfCode.2022.Day3\AdventOfCode.2022.Day3.csproj", "{32135A77-5EBF-410B-A30C-08BFC97EC9F0}"
EndProject
Project("{9A19103F-16F7-4668-BE54-9A1E7A4F7556}") = "AdventOfCode.2022.Day4", "AdventOfCode.2022.Day4\AdventOfCode.2022.Day4.csproj", "{3F211E4F-D7DE-4621-AE82-B1A3372FDD9E}"
EndProject
Project("{9A19103F-16F7-4668-BE54-9A1E7A4F7556}") = "AdventOfCode.2022.Day5", "AdventOfCode.2022.Day5\AdventOfCode.2022.Day5.csproj", "{BC042289-13EC-429C-B523-B066E46911C3}"
EndProject
Project("{9A19103F-16F7-4668-BE54-9A1E7A4F7556}") = "AdventOfCode.2022.Day6", "AdventOfCode.2022.Day6\AdventOfCode.2022.Day6.csproj", "{74790267-4D19-491B-B502-08CF64FC09A7}"
EndProject
Project("{FAE04EC0-301F-11D3-BF4B-00C04F79EFBC}") = "AdventOfCode.2022.Day7", "AdventOfCode.2022.Day7\AdventOfCode.2022.Day7.csproj", "{72957790-9A88-4930-ABA6-BE78E9AAEAE1}"
EndProject
Global
	GlobalSection(SolutionConfigurationPlatforms) = preSolution
		Debug|Any CPU = Debug|Any CPU
		Release|Any CPU = Release|Any CPU
	EndGlobalSection
	GlobalSection(ProjectConfigurationPlatforms) = postSolution
		{479CE773-47FE-466B-9308-B3D56C091052}.Debug|Any CPU.ActiveCfg = Debug|Any CPU
		{479CE773-47FE-466B-9308-B3D56C091052}.Debug|Any CPU.Build.0 = Debug|Any CPU
		{479CE773-47FE-466B-9308-B3D56C091052}.Release|Any CPU.ActiveCfg = Release|Any CPU
		{479CE773-47FE-466B-9308-B3D56C091052}.Release|Any CPU.Build.0 = Release|Any CPU
		{19F4E6C8-D573-4A58-81CB-C94C6A6DD991}.Debug|Any CPU.ActiveCfg = Debug|Any CPU
		{19F4E6C8-D573-4A58-81CB-C94C6A6DD991}.Debug|Any CPU.Build.0 = Debug|Any CPU
		{19F4E6C8-D573-4A58-81CB-C94C6A6DD991}.Release|Any CPU.ActiveCfg = Release|Any CPU
		{19F4E6C8-D573-4A58-81CB-C94C6A6DD991}.Release|Any CPU.Build.0 = Release|Any CPU
		{32135A77-5EBF-410B-A30C-08BFC97EC9F0}.Debug|Any CPU.ActiveCfg = Debug|Any CPU
		{32135A77-5EBF-410B-A30C-08BFC97EC9F0}.Debug|Any CPU.Build.0 = Debug|Any CPU
		{32135A77-5EBF-410B-A30C-08BFC97EC9F0}.Release|Any CPU.ActiveCfg = Release|Any CPU
		{32135A77-5EBF-410B-A30C-08BFC97EC9F0}.Release|Any CPU.Build.0 = Release|Any CPU
		{3F211E4F-D7DE-4621-AE82-B1A3372FDD9E}.Debug|Any CPU.ActiveCfg = Debug|Any CPU
		{3F211E4F-D7DE-4621-AE82-B1A3372FDD9E}.Debug|Any CPU.Build.0 = Debug|Any CPU
		{3F211E4F-D7DE-4621-AE82-B1A3372FDD9E}.Release|Any CPU.ActiveCfg = Release|Any CPU
		{3F211E4F-D7DE-4621-AE82-B1A3372FDD9E}.Release|Any CPU.Build.0 = Release|Any CPU
		{BC042289-13EC-429C-B523-B066E46911C3}.Debug|Any CPU.ActiveCfg = Debug|Any CPU
		{BC042289-13EC-429C-B523-B066E46911C3}.Debug|Any CPU.Build.0 = Debug|Any CPU
		{BC042289-13EC-429C-B523-B066E46911C3}.Release|Any CPU.ActiveCfg = Release|Any CPU
		{BC042289-13EC-429C-B523-B066E46911C3}.Release|Any CPU.Build.0 = Release|Any CPU
		{74790267-4D19-491B-B502-08CF64FC09A7}.Debug|Any CPU.ActiveCfg = Debug|Any CPU
		{74790267-4D19-491B-B502-08CF64FC09A7}.Debug|Any CPU.Build.0 = Debug|Any CPU
		{74790267-4D19-491B-B502-08CF64FC09A7}.Release|Any CPU.ActiveCfg = Release|Any CPU
		{74790267-4D19-491B-B502-08CF64FC09A7}.Release|Any CPU.Build.0 = Release|Any CPU
		{72957790-9A88-4930-ABA6-BE78E9AAEAE1}.Debug|Any CPU.ActiveCfg = Debug|Any CPU
		{72957790-9A88-4930-ABA6-BE78E9AAEAE1}.Debug|Any CPU.Build.0 = Debug|Any CPU
		{72957790-9A88-4930-ABA6-BE78E9AAEAE1}.Release|Any CPU.ActiveCfg = Release|Any CPU
		{72957790-9A88-4930-ABA6-BE78E9AAEAE1}.Release|Any CPU.Build.0 = Release|Any CPU
	EndGlobalSection
	GlobalSection(SolutionProperties) = preSolution
		HideSolutionNode = FALSE
	EndGlobalSection
	GlobalSection(ExtensibilityGlobals) = postSolution
		SolutionGuid = {167D7F40-CA15-4637-BF0F-A0CCA565E6D7}
	EndGlobalSection
EndGlobal
