
Microsoft Visual Studio Solution File, Format Version 12.00
# Visual Studio Version 17
VisualStudioVersion = 17.4.33122.133
MinimumVisualStudioVersion = 10.0.40219.1
Project("{FAE04EC0-301F-11D3-BF4B-00C04F79EFBC}") = "AdventOfCode.2022.DayOne", "AdventOfCode.2022.DayOne\AdventOfCode.2022.DayOne.csproj", "{B943443D-DB0E-47F0-8121-8BD9830D90F7}"
EndProject
Global
	GlobalSection(SolutionConfigurationPlatforms) = preSolution
		Debug|Any CPU = Debug|Any CPU
		Release|Any CPU = Release|Any CPU
	EndGlobalSection
	GlobalSection(ProjectConfigurationPlatforms) = postSolution
		{B943443D-DB0E-47F0-8121-8BD9830D90F7}.Debug|Any CPU.ActiveCfg = Debug|Any CPU
		{B943443D-DB0E-47F0-8121-8BD9830D90F7}.Debug|Any CPU.Build.0 = Debug|Any CPU
		{B943443D-DB0E-47F0-8121-8BD9830D90F7}.Release|Any CPU.ActiveCfg = Release|Any CPU
		{B943443D-DB0E-47F0-8121-8BD9830D90F7}.Release|Any CPU.Build.0 = Release|Any CPU
	EndGlobalSection
	GlobalSection(SolutionProperties) = preSolution
		HideSolutionNode = FALSE
	EndGlobalSection
	GlobalSection(ExtensibilityGlobals) = postSolution
		SolutionGuid = {DB2F69C9-F724-4C62-8DAE-5C02DD2F08FE}
	EndGlobalSection
EndGlobal
